// !$*UTF8*$!
{
	archiveVersion = 1;
	classes = {
	};
	objectVersion = 77;
	objects = {

/* Begin PBXContainerItemProxy section */
		71D0EA852E78A4F2005FAC98 /* PBXContainerItemProxy */ = {
			isa = PBXContainerItemProxy;
			containerPortal = 71D0EA6E2E78A4F0005FAC98 /* Project object */;
			proxyType = 1;
			remoteGlobalIDString = 71D0EA752E78A4F0005FAC98;
			remoteInfo = MacBeacon;
		};
		71D0EA8F2E78A4F2005FAC98 /* PBXContainerItemProxy */ = {
			isa = PBXContainerItemProxy;
			containerPortal = 71D0EA6E2E78A4F0005FAC98 /* Project object */;
			proxyType = 1;
			remoteGlobalIDString = 71D0EA752E78A4F0005FAC98;
			remoteInfo = MacBeacon;
		};
/* End PBXContainerItemProxy section */

/* Begin PBXFileReference section */
		71D0EA762E78A4F0005FAC98 /* MacBeacon.app */ = {isa = PBXFileReference; explicitFileType = wrapper.application; includeInIndex = 0; path = MacBeacon.app; sourceTree = BUILT_PRODUCTS_DIR; };
		71D0EA842E78A4F2005FAC98 /* MacBeaconTests.xctest */ = {isa = PBXFileReference; explicitFileType = wrapper.cfbundle; includeInIndex = 0; path = MacBeaconTests.xctest; sourceTree = BUILT_PRODUCTS_DIR; };
		71D0EA8E2E78A4F2005FAC98 /* MacBeaconUITests.xctest */ = {isa = PBXFileReference; explicitFileType = wrapper.cfbundle; includeInIndex = 0; path = MacBeaconUITests.xctest; sourceTree = BUILT_PRODUCTS_DIR; };
/* End PBXFileReference section */

/* Begin PBXFileSystemSynchronizedBuildFileExceptionSet section */
		71D0EAA62E78AAB0005FAC98 /* Exceptions for "MacBeacon" folder in "MacBeacon" target */ = {
			isa = PBXFileSystemSynchronizedBuildFileExceptionSet;
			membershipExceptions = (
				Info.plist,
			);
			target = 71D0EA752E78A4F0005FAC98 /* MacBeacon */;
		};
/* End PBXFileSystemSynchronizedBuildFileExceptionSet section */

/* Begin PBXFileSystemSynchronizedRootGroup section */
		71D0EA782E78A4F0005FAC98 /* MacBeacon */ = {
			isa = PBXFileSystemSynchronizedRootGroup;
			exceptions = (
				71D0EAA62E78AAB0005FAC98 /* Exceptions for "MacBeacon" folder in "MacBeacon" target */,
			);
			path = MacBeacon;
			sourceTree = "<group>";
		};
		71D0EA872E78A4F2005FAC98 /* MacBeaconTests */ = {
			isa = PBXFileSystemSynchronizedRootGroup;
			path = MacBeaconTests;
			sourceTree = "<group>";
		};
		71D0EA912E78A4F2005FAC98 /* MacBeaconUITests */ = {
			isa = PBXFileSystemSynchronizedRootGroup;
			path = MacBeaconUITests;
			sourceTree = "<group>";
		};
/* End PBXFileSystemSynchronizedRootGroup section */

/* Begin PBXFrameworksBuildPhase section */
		71D0EA732E78A4F0005FAC98 /* Frameworks */ = {
			isa = PBXFrameworksBuildPhase;
			buildActionMask = 2147483647;
			files = (
			);
			runOnlyForDeploymentPostprocessing = 0;
		};
		71D0EA812E78A4F2005FAC98 /* Frameworks */ = {
			isa = PBXFrameworksBuildPhase;
			buildActionMask = 2147483647;
			files = (
			);
			runOnlyForDeploymentPostprocessing = 0;
		};
		71D0EA8B2E78A4F2005FAC98 /* Frameworks */ = {
			isa = PBXFrameworksBuildPhase;
			buildActionMask = 2147483647;
			files = (
			);
			runOnlyForDeploymentPostprocessing = 0;
		};
/* End PBXFrameworksBuildPhase section */

/* Begin PBXGroup section */
		71D0EA6D2E78A4F0005FAC98 = {
			isa = PBXGroup;
			children = (
				71D0EA782E78A4F0005FAC98 /* MacBeacon */,
				71D0EA872E78A4F2005FAC98 /* MacBeaconTests */,
				71D0EA912E78A4F2005FAC98 /* MacBeaconUITests */,
				71D0EA772E78A4F0005FAC98 /* Products */,
			);
			sourceTree = "<group>";
		};
		71D0EA772E78A4F0005FAC98 /* Products */ = {
			isa = PBXGroup;
			children = (
				71D0EA762E78A4F0005FAC98 /* MacBeacon.app */,
				71D0EA842E78A4F2005FAC98 /* MacBeaconTests.xctest */,
				71D0EA8E2E78A4F2005FAC98 /* MacBeaconUITests.xctest */,
			);
			name = Products;
			sourceTree = "<group>";
		};
/* End PBXGroup section */

/* Begin PBXNativeTarget section */
		71D0EA752E78A4F0005FAC98 /* MacBeacon */ = {
			isa = PBXNativeTarget;
			buildConfigurationList = 71D0EA982E78A4F2005FAC98 /* Build configuration list for PBXNativeTarget "MacBeacon" */;
			buildPhases = (
				71D0EA722E78A4F0005FAC98 /* Sources */,
				71D0EA732E78A4F0005FAC98 /* Frameworks */,
				71D0EA742E78A4F0005FAC98 /* Resources */,
			);
			buildRules = (
			);
			dependencies = (
			);
			fileSystemSynchronizedGroups = (
				71D0EA782E78A4F0005FAC98 /* MacBeacon */,
			);
			name = MacBeacon;
			packageProductDependencies = (
			);
			productName = MacBeacon;
			productReference = 71D0EA762E78A4F0005FAC98 /* MacBeacon.app */;
			productType = "com.apple.product-type.application";
		};
		71D0EA832E78A4F2005FAC98 /* MacBeaconTests */ = {
			isa = PBXNativeTarget;
			buildConfigurationList = 71D0EA9B2E78A4F2005FAC98 /* Build configuration list for PBXNativeTarget "MacBeaconTests" */;
			buildPhases = (
				71D0EA802E78A4F2005FAC98 /* Sources */,
				71D0EA812E78A4F2005FAC98 /* Frameworks */,
				71D0EA822E78A4F2005FAC98 /* Resources */,
			);
			buildRules = (
			);
			dependencies = (
				71D0EA862E78A4F2005FAC98 /* PBXTargetDependency */,
			);
			fileSystemSynchronizedGroups = (
				71D0EA872E78A4F2005FAC98 /* MacBeaconTests */,
			);
			name = MacBeaconTests;
			packageProductDependencies = (
			);
			productName = MacBeaconTests;
			productReference = 71D0EA842E78A4F2005FAC98 /* MacBeaconTests.xctest */;
			productType = "com.apple.product-type.bundle.unit-test";
		};
		71D0EA8D2E78A4F2005FAC98 /* MacBeaconUITests */ = {
			isa = PBXNativeTarget;
			buildConfigurationList = 71D0EA9E2E78A4F2005FAC98 /* Build configuration list for PBXNativeTarget "MacBeaconUITests" */;
			buildPhases = (
				71D0EA8A2E78A4F2005FAC98 /* Sources */,
				71D0EA8B2E78A4F2005FAC98 /* Frameworks */,
				71D0EA8C2E78A4F2005FAC98 /* Resources */,
			);
			buildRules = (
			);
			dependencies = (
				71D0EA902E78A4F2005FAC98 /* PBXTargetDependency */,
			);
			fileSystemSynchronizedGroups = (
				71D0EA912E78A4F2005FAC98 /* MacBeaconUITests */,
			);
			name = MacBeaconUITests;
			packageProductDependencies = (
			);
			productName = MacBeaconUITests;
			productReference = 71D0EA8E2E78A4F2005FAC98 /* MacBeaconUITests.xctest */;
			productType = "com.apple.product-type.bundle.ui-testing";
		};
/* End PBXNativeTarget section */

/* Begin PBXProject section */
		71D0EA6E2E78A4F0005FAC98 /* Project object */ = {
			isa = PBXProject;
			attributes = {
				BuildIndependentTargetsInParallel = 1;
				LastSwiftUpdateCheck = 1640;
				LastUpgradeCheck = 1640;
				TargetAttributes = {
					71D0EA752E78A4F0005FAC98 = {
						CreatedOnToolsVersion = 16.4;
					};
					71D0EA832E78A4F2005FAC98 = {
						CreatedOnToolsVersion = 16.4;
						TestTargetID = 71D0EA752E78A4F0005FAC98;
					};
					71D0EA8D2E78A4F2005FAC98 = {
						CreatedOnToolsVersion = 16.4;
						TestTargetID = 71D0EA752E78A4F0005FAC98;
					};
				};
			};
			buildConfigurationList = 71D0EA712E78A4F0005FAC98 /* Build configuration list for PBXProject "MacBeacon" */;
			developmentRegion = en;
			hasScannedForEncodings = 0;
			knownRegions = (
				en,
				Base,
			);
			mainGroup = 71D0EA6D2E78A4F0005FAC98;
			minimizedProjectReferenceProxies = 1;
			preferredProjectObjectVersion = 77;
			productRefGroup = 71D0EA772E78A4F0005FAC98 /* Products */;
			projectDirPath = "";
			projectRoot = "";
			targets = (
				71D0EA752E78A4F0005FAC98 /* MacBeacon */,
				71D0EA832E78A4F2005FAC98 /* MacBeaconTests */,
				71D0EA8D2E78A4F2005FAC98 /* MacBeaconUITests */,
			);
		};
/* End PBXProject section */

/* Begin PBXResourcesBuildPhase section */
		71D0EA742E78A4F0005FAC98 /* Resources */ = {
			isa = PBXResourcesBuildPhase;
			buildActionMask = 2147483647;
			files = (
			);
			runOnlyForDeploymentPostprocessing = 0;
		};
		71D0EA822E78A4F2005FAC98 /* Resources */ = {
			isa = PBXResourcesBuildPhase;
			buildActionMask = 2147483647;
			files = (
			);
			runOnlyForDeploymentPostprocessing = 0;
		};
		71D0EA8C2E78A4F2005FAC98 /* Resources */ = {
			isa = PBXResourcesBuildPhase;
			buildActionMask = 2147483647;
			files = (
			);
			runOnlyForDeploymentPostprocessing = 0;
		};
/* End PBXResourcesBuildPhase section */

/* Begin PBXSourcesBuildPhase section */
		71D0EA722E78A4F0005FAC98 /* Sources */ = {
			isa = PBXSourcesBuildPhase;
			buildActionMask = 2147483647;
			files = (
			);
			runOnlyForDeploymentPostprocessing = 0;
		};
		71D0EA802E78A4F2005FAC98 /* Sources */ = {
			isa = PBXSourcesBuildPhase;
			buildActionMask = 2147483647;
			files = (
			);
			runOnlyForDeploymentPostprocessing = 0;
		};
		71D0EA8A2E78A4F2005FAC98 /* Sources */ = {
			isa = PBXSourcesBuildPhase;
			buildActionMask = 2147483647;
			files = (
			);
			runOnlyForDeploymentPostprocessing = 0;
		};
/* End PBXSourcesBuildPhase section */

/* Begin PBXTargetDependency section */
		71D0EA862E78A4F2005FAC98 /* PBXTargetDependency */ = {
			isa = PBXTargetDependency;
			target = 71D0EA752E78A4F0005FAC98 /* MacBeacon */;
			targetProxy = 71D0EA852E78A4F2005FAC98 /* PBXContainerItemProxy */;
		};
		71D0EA902E78A4F2005FAC98 /* PBXTargetDependency */ = {
			isa = PBXTargetDependency;
			target = 71D0EA752E78A4F0005FAC98 /* MacBeacon */;
			targetProxy = 71D0EA8F2E78A4F2005FAC98 /* PBXContainerItemProxy */;
		};
/* End PBXTargetDependency section */

/* Begin XCBuildConfiguration section */
		71D0EA962E78A4F2005FAC98 /* Debug */ = {
			isa = XCBuildConfiguration;
			buildSettings = {
				ALWAYS_SEARCH_USER_PATHS = NO;
				ASSETCATALOG_COMPILER_GENERATE_SWIFT_ASSET_SYMBOL_EXTENSIONS = YES;
				CLANG_ANALYZER_NONNULL = YES;
				CLANG_ANALYZER_NUMBER_OBJECT_CONVERSION = YES_AGGRESSIVE;
				CLANG_CXX_LANGUAGE_STANDARD = "gnu++20";
				CLANG_ENABLE_MODULES = YES;
				CLANG_ENABLE_OBJC_ARC = YES;
				CLANG_ENABLE_OBJC_WEAK = YES;
				CLANG_WARN_BLOCK_CAPTURE_AUTORELEASING = YES;
				CLANG_WARN_BOOL_CONVERSION = YES;
				CLANG_WARN_COMMA = YES;
				CLANG_WARN_CONSTANT_CONVERSION = YES;
				CLANG_WARN_DEPRECATED_OBJC_IMPLEMENTATIONS = YES;
				CLANG_WARN_DIRECT_OBJC_ISA_USAGE = YES_ERROR;
				CLANG_WARN_DOCUMENTATION_COMMENTS = YES;
				CLANG_WARN_EMPTY_BODY = YES;
				CLANG_WARN_ENUM_CONVERSION = YES;
				CLANG_WARN_INFINITE_RECURSION = YES;
				CLANG_WARN_INT_CONVERSION = YES;
				CLANG_WARN_NON_LITERAL_NULL_CONVERSION = YES;
				CLANG_WARN_OBJC_IMPLICIT_RETAIN_SELF = YES;
				CLANG_WARN_OBJC_LITERAL_CONVERSION = YES;
				CLANG_WARN_OBJC_ROOT_CLASS = YES_ERROR;
				CLANG_WARN_QUOTED_INCLUDE_IN_FRAMEWORK_HEADER = YES;
				CLANG_WARN_RANGE_LOOP_ANALYSIS = YES;
				CLANG_WARN_STRICT_PROTOTYPES = YES;
				CLANG_WARN_SUSPICIOUS_MOVE = YES;
				CLANG_WARN_UNGUARDED_AVAILABILITY = YES_AGGRESSIVE;
				CLANG_WARN_UNREACHABLE_CODE = YES;
				CLANG_WARN__DUPLICATE_METHOD_MATCH = YES;
				COPY_PHASE_STRIP = NO;
				DEBUG_INFORMATION_FORMAT = dwarf;
				ENABLE_STRICT_OBJC_MSGSEND = YES;
				ENABLE_TESTABILITY = YES;
				ENABLE_USER_SCRIPT_SANDBOXING = YES;
				GCC_C_LANGUAGE_STANDARD = gnu17;
				GCC_DYNAMIC_NO_PIC = NO;
				GCC_NO_COMMON_BLOCKS = YES;
				GCC_OPTIMIZATION_LEVEL = 0;
				GCC_PREPROCESSOR_DEFINITIONS = (
					"DEBUG=1",
					"$(inherited)",
				);
				GCC_WARN_64_TO_32_BIT_CONVERSION = YES;
				GCC_WARN_ABOUT_RETURN_TYPE = YES_ERROR;
				GCC_WARN_UNDECLARED_SELECTOR = YES;
				GCC_WARN_UNINITIALIZED_AUTOS = YES_AGGRESSIVE;
				GCC_WARN_UNUSED_FUNCTION = YES;
				GCC_WARN_UNUSED_VARIABLE = YES;
				LOCALIZATION_PREFERS_STRING_CATALOGS = YES;
				MACOSX_DEPLOYMENT_TARGET = 15.5;
				MTL_ENABLE_DEBUG_INFO = INCLUDE_SOURCE;
				MTL_FAST_MATH = YES;
				ONLY_ACTIVE_ARCH = YES;
				SDKROOT = macosx;
				SWIFT_ACTIVE_COMPILATION_CONDITIONS = "DEBUG $(inherited)";
				SWIFT_OPTIMIZATION_LEVEL = "-Onone";
			};
			name = Debug;
		};
		71D0EA972E78A4F2005FAC98 /* Release */ = {
			isa = XCBuildConfiguration;
			buildSettings = {
				ALWAYS_SEARCH_USER_PATHS = NO;
				ASSETCATALOG_COMPILER_GENERATE_SWIFT_ASSET_SYMBOL_EXTENSIONS = YES;
				CLANG_ANALYZER_NONNULL = YES;
				CLANG_ANALYZER_NUMBER_OBJECT_CONVERSION = YES_AGGRESSIVE;
				CLANG_CXX_LANGUAGE_STANDARD = "gnu++20";
				CLANG_ENABLE_MODULES = YES;
				CLANG_ENABLE_OBJC_ARC = YES;
				CLANG_ENABLE_OBJC_WEAK = YES;
				CLANG_WARN_BLOCK_CAPTURE_AUTORELEASING = YES;
				CLANG_WARN_BOOL_CONVERSION = YES;
				CLANG_WARN_COMMA = YES;
				CLANG_WARN_CONSTANT_CONVERSION = YES;
				CLANG_WARN_DEPRECATED_OBJC_IMPLEMENTATIONS = YES;
				CLANG_WARN_DIRECT_OBJC_ISA_USAGE = YES_ERROR;
				CLANG_WARN_DOCUMENTATION_COMMENTS = YES;
				CLANG_WARN_EMPTY_BODY = YES;
				CLANG_WARN_ENUM_CONVERSION = YES;
				CLANG_WARN_INFINITE_RECURSION = YES;
				CLANG_WARN_INT_CONVERSION = YES;
				CLANG_WARN_NON_LITERAL_NULL_CONVERSION = YES;
				CLANG_WARN_OBJC_IMPLICIT_RETAIN_SELF = YES;
				CLANG_WARN_OBJC_LITERAL_CONVERSION = YES;
				CLANG_WARN_OBJC_ROOT_CLASS = YES_ERROR;
				CLANG_WARN_QUOTED_INCLUDE_IN_FRAMEWORK_HEADER = YES;
				CLANG_WARN_RANGE_LOOP_ANALYSIS = YES;
				CLANG_WARN_STRICT_PROTOTYPES = YES;
				CLANG_WARN_SUSPICIOUS_MOVE = YES;
				CLANG_WARN_UNGUARDED_AVAILABILITY = YES_AGGRESSIVE;
				CLANG_WARN_UNREACHABLE_CODE = YES;
				CLANG_WARN__DUPLICATE_METHOD_MATCH = YES;
				COPY_PHASE_STRIP = NO;
				DEBUG_INFORMATION_FORMAT = "dwarf-with-dsym";
				ENABLE_NS_ASSERTIONS = NO;
				ENABLE_STRICT_OBJC_MSGSEND = YES;
				ENABLE_USER_SCRIPT_SANDBOXING = YES;
				GCC_C_LANGUAGE_STANDARD = gnu17;
				GCC_NO_COMMON_BLOCKS = YES;
				GCC_WARN_64_TO_32_BIT_CONVERSION = YES;
				GCC_WARN_ABOUT_RETURN_TYPE = YES_ERROR;
				GCC_WARN_UNDECLARED_SELECTOR = YES;
				GCC_WARN_UNINITIALIZED_AUTOS = YES_AGGRESSIVE;
				GCC_WARN_UNUSED_FUNCTION = YES;
				GCC_WARN_UNUSED_VARIABLE = YES;
				LOCALIZATION_PREFERS_STRING_CATALOGS = YES;
				MACOSX_DEPLOYMENT_TARGET = 15.5;
				MTL_ENABLE_DEBUG_INFO = NO;
				MTL_FAST_MATH = YES;
				SDKROOT = macosx;
				SWIFT_COMPILATION_MODE = wholemodule;
			};
			name = Release;
		};
		71D0EA992E78A4F2005FAC98 /* Debug */ = {
			isa = XCBuildConfiguration;
			buildSettings = {
				ASSETCATALOG_COMPILER_APPICON_NAME = AppIcon;
				ASSETCATALOG_COMPILER_GLOBAL_ACCENT_COLOR_NAME = AccentColor;
				CODE_SIGN_ENTITLEMENTS = MacBeacon/MacBeacon.entitlements;
				CODE_SIGN_STYLE = Automatic;
				COMBINE_HIDPI_IMAGES = YES;
				CURRENT_PROJECT_VERSION = 1;
				ENABLE_PREVIEWS = YES;
				GENERATE_INFOPLIST_FILE = YES;
				INFOPLIST_FILE = MacBeacon/Info.plist;
				INFOPLIST_KEY_NSHumanReadableCopyright = "";
				LD_RUNPATH_SEARCH_PATHS = (
					"$(inherited)",
					"@executable_path/../Frameworks",
				);
				MARKETING_VERSION = 1.0;
				PRODUCT_BUNDLE_IDENTIFIER = ambient.MacBeacon;
				PRODUCT_NAME = "$(TARGET_NAME)";
				REGISTER_APP_GROUPS = YES;
				SWIFT_EMIT_LOC_STRINGS = YES;
				SWIFT_VERSION = 5.0;
			};
			name = Debug;
		};
		71D0EA9A2E78A4F2005FAC98 /* Release */ = {
			isa = XCBuildConfiguration;
			buildSettings = {
				ASSETCATALOG_COMPILER_APPICON_NAME = AppIcon;
				ASSETCATALOG_COMPILER_GLOBAL_ACCENT_COLOR_NAME = AccentColor;
				CODE_SIGN_ENTITLEMENTS = MacBeacon/MacBeacon.entitlements;
				CODE_SIGN_STYLE = Automatic;
				COMBINE_HIDPI_IMAGES = YES;
				CURRENT_PROJECT_VERSION = 1;
				ENABLE_PREVIEWS = YES;
				GENERATE_INFOPLIST_FILE = YES;
				INFOPLIST_FILE = MacBeacon/Info.plist;
				INFOPLIST_KEY_NSHumanReadableCopyright = "";
				LD_RUNPATH_SEARCH_PATHS = (
					"$(inherited)",
					"@executable_path/../Frameworks",
				);
				MARKETING_VERSION = 1.0;
				PRODUCT_BUNDLE_IDENTIFIER = ambient.MacBeacon;
				PRODUCT_NAME = "$(TARGET_NAME)";
				REGISTER_APP_GROUPS = YES;
				SWIFT_EMIT_LOC_STRINGS = YES;
				SWIFT_VERSION = 5.0;
			};
			name = Release;
		};
		71D0EA9C2E78A4F2005FAC98 /* Debug */ = {
			isa = XCBuildConfiguration;
			buildSettings = {
				BUNDLE_LOADER = "$(TEST_HOST)";
				CODE_SIGN_STYLE = Automatic;
				CURRENT_PROJECT_VERSION = 1;
				GENERATE_INFOPLIST_FILE = YES;
				MACOSX_DEPLOYMENT_TARGET = 15.5;
				MARKETING_VERSION = 1.0;
				PRODUCT_BUNDLE_IDENTIFIER = ambient.MacBeaconTests;
				PRODUCT_NAME = "$(TARGET_NAME)";
				SWIFT_EMIT_LOC_STRINGS = NO;
				SWIFT_VERSION = 5.0;
				TEST_HOST = "$(BUILT_PRODUCTS_DIR)/MacBeacon.app/$(BUNDLE_EXECUTABLE_FOLDER_PATH)/MacBeacon";
			};
			name = Debug;
		};
		71D0EA9D2E78A4F2005FAC98 /* Release */ = {
			isa = XCBuildConfiguration;
			buildSettings = {
				BUNDLE_LOADER = "$(TEST_HOST)";
				CODE_SIGN_STYLE = Automatic;
				CURRENT_PROJECT_VERSION = 1;
				GENERATE_INFOPLIST_FILE = YES;
				MACOSX_DEPLOYMENT_TARGET = 15.5;
				MARKETING_VERSION = 1.0;
				PRODUCT_BUNDLE_IDENTIFIER = ambient.MacBeaconTests;
				PRODUCT_NAME = "$(TARGET_NAME)";
				SWIFT_EMIT_LOC_STRINGS = NO;
				SWIFT_VERSION = 5.0;
				TEST_HOST = "$(BUILT_PRODUCTS_DIR)/MacBeacon.app/$(BUNDLE_EXECUTABLE_FOLDER_PATH)/MacBeacon";
			};
			name = Release;
		};
		71D0EA9F2E78A4F2005FAC98 /* Debug */ = {
			isa = XCBuildConfiguration;
			buildSettings = {
				CODE_SIGN_STYLE = Automatic;
				CURRENT_PROJECT_VERSION = 1;
				GENERATE_INFOPLIST_FILE = YES;
				MARKETING_VERSION = 1.0;
				PRODUCT_BUNDLE_IDENTIFIER = ambient.MacBeaconUITests;
				PRODUCT_NAME = "$(TARGET_NAME)";
				SWIFT_EMIT_LOC_STRINGS = NO;
				SWIFT_VERSION = 5.0;
				TEST_TARGET_NAME = MacBeacon;
			};
			name = Debug;
		};
		71D0EAA02E78A4F2005FAC98 /* Release */ = {
			isa = XCBuildConfiguration;
			buildSettings = {
				CODE_SIGN_STYLE = Automatic;
				CURRENT_PROJECT_VERSION = 1;
				GENERATE_INFOPLIST_FILE = YES;
				MARKETING_VERSION = 1.0;
				PRODUCT_BUNDLE_IDENTIFIER = ambient.MacBeaconUITests;
				PRODUCT_NAME = "$(TARGET_NAME)";
				SWIFT_EMIT_LOC_STRINGS = NO;
				SWIFT_VERSION = 5.0;
				TEST_TARGET_NAME = MacBeacon;
			};
			name = Release;
		};
/* End XCBuildConfiguration section */

/* Begin XCConfigurationList section */
		71D0EA712E78A4F0005FAC98 /* Build configuration list for PBXProject "MacBeacon" */ = {
			isa = XCConfigurationList;
			buildConfigurations = (
				71D0EA962E78A4F2005FAC98 /* Debug */,
				71D0EA972E78A4F2005FAC98 /* Release */,
			);
			defaultConfigurationIsVisible = 0;
			defaultConfigurationName = Release;
		};
		71D0EA982E78A4F2005FAC98 /* Build configuration list for PBXNativeTarget "MacBeacon" */ = {
			isa = XCConfigurationList;
			buildConfigurations = (
				71D0EA992E78A4F2005FAC98 /* Debug */,
				71D0EA9A2E78A4F2005FAC98 /* Release */,
			);
			defaultConfigurationIsVisible = 0;
			defaultConfigurationName = Release;
		};
		71D0EA9B2E78A4F2005FAC98 /* Build configuration list for PBXNativeTarget "MacBeaconTests" */ = {
			isa = XCConfigurationList;
			buildConfigurations = (
				71D0EA9C2E78A4F2005FAC98 /* Debug */,
				71D0EA9D2E78A4F2005FAC98 /* Release */,
			);
			defaultConfigurationIsVisible = 0;
			defaultConfigurationName = Release;
		};
		71D0EA9E2E78A4F2005FAC98 /* Build configuration list for PBXNativeTarget "MacBeaconUITests" */ = {
			isa = XCConfigurationList;
			buildConfigurations = (
				71D0EA9F2E78A4F2005FAC98 /* Debug */,
				71D0EAA02E78A4F2005FAC98 /* Release */,
			);
			defaultConfigurationIsVisible = 0;
			defaultConfigurationName = Release;
		};
/* End XCConfigurationList section */
	};
	rootObject = 71D0EA6E2E78A4F0005FAC98 /* Project object */;
}
